{
  "object": {
    "pins": [
      {
        "package": "Realm",
        "repositoryURL": "https://github.com/realm/realm-cocoa.git",
        "state": {
          "branch": null,
          "revision": "4274b9c8ba717d7a81c953c34b715d5f587fa92f",
          "version": "10.5.1"
        }
      },
      {
        "package": "RealmDatabase",
        "repositoryURL": "https://github.com/realm/realm-core",
        "state": {
          "branch": null,
          "revision": "8af0f8d609491986b49f2c986e771d9dc445664d",
          "version": "10.3.3"
        }
      },
      {
        "package": "Result",
        "repositoryURL": "https://github.com/antitypical/Result",
        "state": {
          "branch": null,
          "revision": "12920a5c2595926efab9274d6003e29f503dbb66",
          "version": "5.0.0"
        }
      },
      {
        "package": "RxDataSources",
        "repositoryURL": "https://github.com/RxSwiftCommunity/RxDataSources",
        "state": {
          "branch": null,
          "revision": "241c62e7b578b2346c8b60efdf31b4eb2eab2966",
          "version": "5.0.0"
        }
      },
      {
        "package": "RxRealm",
        "repositoryURL": "https://github.com/RxSwiftCommunity/RxRealm",
        "state": {
          "branch": null,
          "revision": "7eef1d1ba130627af7d140682f912c89830cf1eb",
          "version": "5.0.1"
        }
      },
      {
        "package": "RxSwift",
        "repositoryURL": "https://github.com/ReactiveX/RxSwift",
        "state": {
          "branch": null,
          "revision": "c8742ed97fc2f0c015a5ea5eddefb064cd7532d2",
          "version": "6.0.0"
        }
      }
    ]
  },
  "version": 1
}
